---
title: Folder Lock

type: object

x-box-resource-id: folder_lock
x-box-tag: folder_lock

description: |-
  Folder locks define access restrictions placed by folder owners
  to prevent specific folders from being moved or deleted.

properties:
  folder:
    allOf:
      - $ref: '#/components/schemas/Folder--Mini'
      - description: The folder that the lock applies to.

  id:
    type: string
    description: The unique identifier for this folder lock.
    example: "12345678"

  type:
    type: string
    description: The object type, always `folder_lock`.
    example: "12345678"

  created_by:
    allOf:
      - $ref: '#/components/schemas/User--Base'
      - description: The user or group that created the lock.

  created_at:
    type: string
    format: date-time
    example: "2020-09-14T23:12:53Z"
    description: When the folder lock object was created.

  lock_type:
    type: string
    description: The lock type, always `freeze`.
    example: "freeze"

  locked_operations:
    type: object
    description: The operations that have been locked.
    properties:
      move:
        type: boolean
        description: Whether moving the folder is restricted.
        nullable: false
        example: true
      delete:
        type: boolean
        description: Whether deleting the folder is restricted.
        nullable: false
        example: true
