---
title: Lock

type: object

description: |-
  The lock held on a file. A lock prevents a file from being moved,
  renamed, or otherwise changed by anyone else than the user who created the
  lock.

properties:
  id:
    type: string
    description: The unique identifier for this lock
    example: "11446498"

  type:
    type: string
    description: "`lock`"
    example: lock
    enum:
      - lock

  created_by:
    allOf:
      - $ref: '#/components/schemas/User--Mini'
      - description: The user who created the lock.

  created_at:
    type: string
    format: date-time
    example: '2012-12-12T10:53:43-08:00'
    description: The time this lock was created at.

  expired_at:
    type: string
    format: date-time
    example: '2012-12-12T10:53:43-08:00'
    description: |-
      The time this lock is to expire at, which might be in the past.

  is_download_prevented:
    type: boolean
    example: true
    description: |-
      Whether or not the file can be downloaded while locked.

  app_type:
    type: string
    description: |-
      If the lock is managed by an application rather than a user, this
      field identifies the type of the application that holds the lock.
      This is an open enum and may be extended with additional values in
      the future.
    enum:
      - gsuite
      - office_wopi
      - office_wopiplus
      - other
    example: office_wopiplus
    nullable: true
