---
type: object
description: The lock held on the file.
allOf:
  - $ref: '#/components/schemas/Reference'
  - properties:
      created_by:
        $ref: '#/components/schemas/UserReference'
      created_at:
        type: string
        format: date-time
      expired_at:
        type: string
        format: date-time
      is_download_prevented:
        type: boolean
