---
type: object
description: The lock held on the file.
allOf:
  - $ref: '#/components/schemas/Reference'
  - properties:
      created_by:
        $ref: '#/components/schemas/UserReference'
      created_at:
        type: string
        format: date-time
        example: '2012-12-12T10:53:43-08:00'
        description: ''
      expired_at:
        type: string
        format: date-time
        example: '2012-12-12T10:53:43-08:00'
        description: ''
      is_download_prevented:
        type: boolean
        example: true
        description: ''
