---
x-box-resource-id: lock

description: |-
  The lock held on a file.

allOf:
  - $ref: '#/components/schemas/Reference'
  - properties:
      created_by:
        allOf:
          - $ref: '#/components/schemas/User--Mini'
          - description: The use who created the lock

      created_at:
        type: string
        format: date-time
        example: '2012-12-12T10:53:43-08:00'
        description: The time this lock was created at

      expired_at:
        type: string
        format: date-time
        example: '2012-12-12T10:53:43-08:00'
        description: |-
          The time this lock is to expire at, which might be in the past

      is_download_prevented:
        type: boolean
        example: true
        description: |-
          Whether or not the file can be downloaded while locked
